PODS:
  - Alamofire (4.7.2)
  - AlamofireImage (3.3.1):
    - Alamofire (~> 4.5)
  - CryptoSwift (0.9.0)

DEPENDENCIES:
  - Alamofire (~> 4.7)
  - AlamofireImage (~> 3.3)
  - CryptoSwift (from `https://github.com/krzyzanowskim/CryptoSwift`, branch `master`)

SPEC REPOS:
  https://github.com/CocoaPods/Specs.git:
    - Alamofire
    - AlamofireImage

EXTERNAL SOURCES:
  CryptoSwift:
    :branch: master
    :git: https://github.com/krzyzanowskim/CryptoSwift

CHECKOUT OPTIONS:
  CryptoSwift:
    :commit: 2c90677112ff2e045f74fe5376b59bc3882b48da
    :git: https://github.com/krzyzanowskim/CryptoSwift

SPEC CHECKSUMS:
  Alamofire: e4fa87002c137ba2d8d634d2c51fabcda0d5c223
  AlamofireImage: 3b35b586853abaf94ca1250f4e94cff3c21a4c0d
  CryptoSwift: ba0dcdfcb2f5307ae8ef55a2d4ad394d2c3cf80f

PODFILE CHECKSUM: eebafb9c084ac2933583f5dd78f1666484202dca

COCOAPODS: 1.5.0
